
Microsoft Visual Studio Solution File, Format Version 12.00
# Visual Studio Version 16
VisualStudioVersion = 16.0.29325.168
MinimumVisualStudioVersion = 10.0.40219.1
Project("{FAE04EC0-301F-11D3-BF4B-00C04F79EFBC}") = "Azure.Test.PerfStress", "Azure.Test.PerfStress.csproj", "{95122370-DAE2-4CD2-B894-C4330DA8E181}"
EndProject
Global
	GlobalSection(SolutionConfigurationPlatforms) = preSolution
		Debug|Any CPU = Debug|Any CPU
		Release|Any CPU = Release|Any CPU
	EndGlobalSection
	GlobalSection(ProjectConfigurationPlatforms) = postSolution
		{95122370-DAE2-4CD2-B894-C4330DA8E181}.Debug|Any CPU.ActiveCfg = Debug|Any CPU
		{95122370-DAE2-4CD2-B894-C4330DA8E181}.Debug|Any CPU.Build.0 = Debug|Any CPU
		{95122370-DAE2-4CD2-B894-C4330DA8E181}.Release|Any CPU.ActiveCfg = Release|Any CPU
		{95122370-DAE2-4CD2-B894-C4330DA8E181}.Release|Any CPU.Build.0 = Release|Any CPU
	EndGlobalSection
	GlobalSection(SolutionProperties) = preSolution
		HideSolutionNode = FALSE
	EndGlobalSection
	GlobalSection(ExtensibilityGlobals) = postSolution
		SolutionGuid = {A3A66DD0-11F2-459B-B5FC-52FFD3056F19}
	EndGlobalSection
EndGlobal
