{
  "name": "dump-deps",
  "version": "1.0.0",
  "lockfileVersion": 1,
  "requires": true,
  "dependencies": {
    "@rgrove/parse-xml": {
      "version": "2.0.1",
      "resolved": "https://registry.npmjs.org/@rgrove/parse-xml/-/parse-xml-2.0.1.tgz",
      "integrity": "sha512-no7j8h1KGbSL00iGqHLIPE2Z7MxOAEACgApA+9zPv3NTast9+0IrnDo+ZFEp9pq5k4e1YcffF/4haJJhS8ebXw=="
    }
  }
}
