
Microsoft Visual Studio Solution File, Format Version 12.00
# Visual Studio Version 16
VisualStudioVersion = 16.0.29223.76
MinimumVisualStudioVersion = 10.0.40219.1
Project("{FAE04EC0-301F-11D3-BF4B-00C04F79EFBC}") = "StorageMock", "StorageMock.csproj", "{A3574B26-8726-4D0E-BD45-F03D7A52B4EC}"
EndProject
Global
	GlobalSection(SolutionConfigurationPlatforms) = preSolution
		Debug|Any CPU = Debug|Any CPU
		Release|Any CPU = Release|Any CPU
	EndGlobalSection
	GlobalSection(ProjectConfigurationPlatforms) = postSolution
		{A3574B26-8726-4D0E-BD45-F03D7A52B4EC}.Debug|Any CPU.ActiveCfg = Debug|Any CPU
		{A3574B26-8726-4D0E-BD45-F03D7A52B4EC}.Debug|Any CPU.Build.0 = Debug|Any CPU
		{A3574B26-8726-4D0E-BD45-F03D7A52B4EC}.Release|Any CPU.ActiveCfg = Release|Any CPU
		{A3574B26-8726-4D0E-BD45-F03D7A52B4EC}.Release|Any CPU.Build.0 = Release|Any CPU
	EndGlobalSection
	GlobalSection(SolutionProperties) = preSolution
		HideSolutionNode = FALSE
	EndGlobalSection
	GlobalSection(ExtensibilityGlobals) = postSolution
		SolutionGuid = {371AD858-88CA-4135-8974-F66DF11B3664}
	EndGlobalSection
EndGlobal
