
Microsoft Visual Studio Solution File, Format Version 12.00
# Visual Studio Version 16
VisualStudioVersion = 16.0.29325.168
MinimumVisualStudioVersion = 10.0.40219.1
Project("{FAE04EC0-301F-11D3-BF4B-00C04F79EFBC}") = "Azure.Storage.Blobs.PerfStress", "Azure.Storage.Blobs.PerfStress.csproj", "{34598033-BB50-4686-9950-F2EA2CC37C61}"
	ProjectSection(ProjectDependencies) = postProject
		{0200BBFD-1184-4B41-B65A-8AB03E6D47DB} = {0200BBFD-1184-4B41-B65A-8AB03E6D47DB}
	EndProjectSection
EndProject
Project("{9A19103F-16F7-4668-BE54-9A1E7A4F7556}") = "Azure.Test.PerfStress", "..\Azure.Test.PerfStress\Azure.Test.PerfStress.csproj", "{0200BBFD-1184-4B41-B65A-8AB03E6D47DB}"
EndProject
Global
	GlobalSection(SolutionConfigurationPlatforms) = preSolution
		Debug|Any CPU = Debug|Any CPU
		Release|Any CPU = Release|Any CPU
	EndGlobalSection
	GlobalSection(ProjectConfigurationPlatforms) = postSolution
		{34598033-BB50-4686-9950-F2EA2CC37C61}.Debug|Any CPU.ActiveCfg = Debug|Any CPU
		{34598033-BB50-4686-9950-F2EA2CC37C61}.Debug|Any CPU.Build.0 = Debug|Any CPU
		{34598033-BB50-4686-9950-F2EA2CC37C61}.Release|Any CPU.ActiveCfg = Release|Any CPU
		{34598033-BB50-4686-9950-F2EA2CC37C61}.Release|Any CPU.Build.0 = Release|Any CPU
		{0200BBFD-1184-4B41-B65A-8AB03E6D47DB}.Debug|Any CPU.ActiveCfg = Debug|Any CPU
		{0200BBFD-1184-4B41-B65A-8AB03E6D47DB}.Debug|Any CPU.Build.0 = Debug|Any CPU
		{0200BBFD-1184-4B41-B65A-8AB03E6D47DB}.Release|Any CPU.ActiveCfg = Release|Any CPU
		{0200BBFD-1184-4B41-B65A-8AB03E6D47DB}.Release|Any CPU.Build.0 = Release|Any CPU
	EndGlobalSection
	GlobalSection(SolutionProperties) = preSolution
		HideSolutionNode = FALSE
	EndGlobalSection
	GlobalSection(ExtensibilityGlobals) = postSolution
		SolutionGuid = {CD67C1F7-9BEF-4878-A675-898D5D3B48E3}
	EndGlobalSection
EndGlobal
