# gh-aw-metadata: {"schema_version":"v3","frontmatter_hash":"PLACEHOLDER_RUN_GH_AW_COMPILE","compiler_version":"v0.67.1","strict":true,"agent_id":"copilot"}
#    ___                   _   _
#   / _ \                 | | (_)
#  | |_| | __ _  ___ _ __ | |_ _  ___
#  |  _  |/ _` |/ _ \ '_ \| __| |/ __|
#  | | | | (_| |  __/ | | | |_| | (__
#  \_| |_/\__, |\___|_| |_|\__|_|\___|
#          __/ |
#  _    _ |___/
# | |  | |          / _| |
# | |  | | ___ _ __ _  __| |_| | _____      ____
# | |/\| |/ _ \ '__| |/ /|  _| |/ _ \ \ /\ / / __|
# \  /\  / (_) | | | | ( | | | | (_) \ V  V /\__ \
#  \/  \/ \___/|_| |_|\_\|_| |_|\___/ \_/\_/ |___/
#
# !! THIS LOCK FILE HAS NOT BEEN COMPILED YET !!
#
# To generate the compiled lock file, install the GitHub CLI agentic workflows
# extension and run the following command from the repository root:
#
#   gh extension install github/gh-aw
#   gh aw compile .github/workflows/update-samples-and-docs.md
#
# Then commit both this file and update-samples-and-docs.md together.
#
# For more information on gh-aw:
#   https://github.github.com/gh-aw/introduction/overview/
#
# Documentation gap detector for the Azure SDK for Java repository.
# Triggered on every push to main, analyzes diffs to identify documentation
# gaps and files GitHub issues for Copilot coding agent to implement.
#
# Secrets required (configure in repository Settings → Secrets):
#   - COPILOT_GITHUB_TOKEN   (GitHub token with Copilot access)
#   - GH_AW_GITHUB_TOKEN     (token for MCP server / safe-outputs)
#
# See docs/contributor/agentic-workflows.md for setup instructions.
